
Microsoft Visual Studio Solution File, Format Version 12.00
Project("{FAE04EC0-301F-11D3-BF4B-00C04F79EFBC}") = "BasicChat-Ollama-MEAI", "BasicChat-Ollama-MEAI\BasicChat-Ollama-MEAI.csproj", "{0222BB78-B040-4E86-80EB-9703B19C928C}"
EndProject
Project("{FAE04EC0-301F-11D3-BF4B-00C04F79EFBC}") = "BasicChat-Ollama-SK", "BasicChat-Ollama-SK\BasicChat-Ollama-SK.csproj", "{EEA0C584-09E7-4DF0-9BC3-05411E8FF569}"
EndProject
Project("{FAE04EC0-301F-11D3-BF4B-00C04F79EFBC}") = "Functions-Ollama-MEAI", "Functions-Ollama-MEAI\Functions-Ollama-MEAI.csproj", "{117AE1B3-AA02-4EBB-850D-849C77550685}"
EndProject
Project("{FAE04EC0-301F-11D3-BF4B-00C04F79EFBC}") = "RAG-Shared", "RAG-Shared\RAG-Shared.csproj", "{7C92C3DA-260C-41F3-BEE7-5B535424447A}"
EndProject
Project("{FAE04EC0-301F-11D3-BF4B-00C04F79EFBC}") = "RAG-InMemory-Ollama-MEAI", "RAG-InMemory-Ollama-MEAI\RAG-InMemory-Ollama-MEAI.csproj", "{140C9841-8370-4186-94CD-DCAA1660E314}"
EndProject
Project("{FAE04EC0-301F-11D3-BF4B-00C04F79EFBC}") = "RAG-InMemory-Ollama-SK", "RAG-InMemory-Ollama-SK\RAG-InMemory-Ollama-SK.csproj", "{6C92BCAD-B001-4CB3-A316-21A53F41F917}"
EndProject
Project("{FAE04EC0-301F-11D3-BF4B-00C04F79EFBC}") = "RAG-Qdrant-Ollama-MEAI", "RAG-Qdrant-Ollama-MEAI\RAG-Qdrant-Ollama-MEAI.csproj", "{9D686E98-5185-4FE6-9EEF-362A2462D4A9}"
EndProject
Project("{FAE04EC0-301F-11D3-BF4B-00C04F79EFBC}") = "Vision-Ollama-MEAI", "Vision-Ollama-MEAI\Vision-Ollama-MEAI.csproj", "{6E971DDA-50A6-4C04-BC29-7AA852DC77DE}"
EndProject
Global
	GlobalSection(SolutionConfigurationPlatforms) = preSolution
		Debug|Any CPU = Debug|Any CPU
		Release|Any CPU = Release|Any CPU
	EndGlobalSection
	GlobalSection(ProjectConfigurationPlatforms) = postSolution
		{0222BB78-B040-4E86-80EB-9703B19C928C}.Debug|Any CPU.ActiveCfg = Debug|Any CPU
		{0222BB78-B040-4E86-80EB-9703B19C928C}.Debug|Any CPU.Build.0 = Debug|Any CPU
		{0222BB78-B040-4E86-80EB-9703B19C928C}.Release|Any CPU.ActiveCfg = Release|Any CPU
		{0222BB78-B040-4E86-80EB-9703B19C928C}.Release|Any CPU.Build.0 = Release|Any CPU
		{EEA0C584-09E7-4DF0-9BC3-05411E8FF569}.Debug|Any CPU.ActiveCfg = Debug|Any CPU
		{EEA0C584-09E7-4DF0-9BC3-05411E8FF569}.Debug|Any CPU.Build.0 = Debug|Any CPU
		{EEA0C584-09E7-4DF0-9BC3-05411E8FF569}.Release|Any CPU.ActiveCfg = Release|Any CPU
		{EEA0C584-09E7-4DF0-9BC3-05411E8FF569}.Release|Any CPU.Build.0 = Release|Any CPU
		{117AE1B3-AA02-4EBB-850D-849C77550685}.Debug|Any CPU.ActiveCfg = Debug|Any CPU
		{117AE1B3-AA02-4EBB-850D-849C77550685}.Debug|Any CPU.Build.0 = Debug|Any CPU
		{117AE1B3-AA02-4EBB-850D-849C77550685}.Release|Any CPU.ActiveCfg = Release|Any CPU
		{117AE1B3-AA02-4EBB-850D-849C77550685}.Release|Any CPU.Build.0 = Release|Any CPU
		{7C92C3DA-260C-41F3-BEE7-5B535424447A}.Debug|Any CPU.ActiveCfg = Debug|Any CPU
		{7C92C3DA-260C-41F3-BEE7-5B535424447A}.Debug|Any CPU.Build.0 = Debug|Any CPU
		{7C92C3DA-260C-41F3-BEE7-5B535424447A}.Release|Any CPU.ActiveCfg = Release|Any CPU
		{7C92C3DA-260C-41F3-BEE7-5B535424447A}.Release|Any CPU.Build.0 = Release|Any CPU
		{140C9841-8370-4186-94CD-DCAA1660E314}.Debug|Any CPU.ActiveCfg = Debug|Any CPU
		{140C9841-8370-4186-94CD-DCAA1660E314}.Debug|Any CPU.Build.0 = Debug|Any CPU
		{140C9841-8370-4186-94CD-DCAA1660E314}.Release|Any CPU.ActiveCfg = Release|Any CPU
		{140C9841-8370-4186-94CD-DCAA1660E314}.Release|Any CPU.Build.0 = Release|Any CPU
		{6C92BCAD-B001-4CB3-A316-21A53F41F917}.Debug|Any CPU.ActiveCfg = Debug|Any CPU
		{6C92BCAD-B001-4CB3-A316-21A53F41F917}.Debug|Any CPU.Build.0 = Debug|Any CPU
		{6C92BCAD-B001-4CB3-A316-21A53F41F917}.Release|Any CPU.ActiveCfg = Release|Any CPU
		{6C92BCAD-B001-4CB3-A316-21A53F41F917}.Release|Any CPU.Build.0 = Release|Any CPU
		{9D686E98-5185-4FE6-9EEF-362A2462D4A9}.Debug|Any CPU.ActiveCfg = Debug|Any CPU
		{9D686E98-5185-4FE6-9EEF-362A2462D4A9}.Debug|Any CPU.Build.0 = Debug|Any CPU
		{9D686E98-5185-4FE6-9EEF-362A2462D4A9}.Release|Any CPU.ActiveCfg = Release|Any CPU
		{9D686E98-5185-4FE6-9EEF-362A2462D4A9}.Release|Any CPU.Build.0 = Release|Any CPU
		{6E971DDA-50A6-4C04-BC29-7AA852DC77DE}.Debug|Any CPU.ActiveCfg = Debug|Any CPU
		{6E971DDA-50A6-4C04-BC29-7AA852DC77DE}.Debug|Any CPU.Build.0 = Debug|Any CPU
		{6E971DDA-50A6-4C04-BC29-7AA852DC77DE}.Release|Any CPU.ActiveCfg = Release|Any CPU
		{6E971DDA-50A6-4C04-BC29-7AA852DC77DE}.Release|Any CPU.Build.0 = Release|Any CPU
	EndGlobalSection
EndGlobal
